
Microsoft Visual Studio Solution File, Format Version 12.00
# Visual Studio Version 17
VisualStudioVersion = 17.0.31912.275
MinimumVisualStudioVersion = 10.0.40219.1
Project("{9A19103F-16F7-4668-BE54-9A1E7A4F7556}") = "EquitiesApi", "EquitiesApi\EquitiesApi.csproj", "{420179BF-FEFE-437E-8F90-87353CF51935}"
EndProject
Project("{FAE04EC0-301F-11D3-BF4B-00C04F79EFBC}") = "EquitiesApiTests", "EquitiesApiTests\EquitiesApiTests.csproj", "{0FC786A9-47E4-4D1E-991A-837ECE809D34}"
EndProject
Global
	GlobalSection(SolutionConfigurationPlatforms) = preSolution
		Debug|Any CPU = Debug|Any CPU
		Release|Any CPU = Release|Any CPU
	EndGlobalSection
	GlobalSection(ProjectConfigurationPlatforms) = postSolution
		{420179BF-FEFE-437E-8F90-87353CF51935}.Debug|Any CPU.ActiveCfg = Debug|Any CPU
		{420179BF-FEFE-437E-8F90-87353CF51935}.Debug|Any CPU.Build.0 = Debug|Any CPU
		{420179BF-FEFE-437E-8F90-87353CF51935}.Release|Any CPU.ActiveCfg = Release|Any CPU
		{420179BF-FEFE-437E-8F90-87353CF51935}.Release|Any CPU.Build.0 = Release|Any CPU
		{0FC786A9-47E4-4D1E-991A-837ECE809D34}.Debug|Any CPU.ActiveCfg = Debug|Any CPU
		{0FC786A9-47E4-4D1E-991A-837ECE809D34}.Debug|Any CPU.Build.0 = Debug|Any CPU
		{0FC786A9-47E4-4D1E-991A-837ECE809D34}.Release|Any CPU.ActiveCfg = Release|Any CPU
		{0FC786A9-47E4-4D1E-991A-837ECE809D34}.Release|Any CPU.Build.0 = Release|Any CPU
	EndGlobalSection
	GlobalSection(SolutionProperties) = preSolution
		HideSolutionNode = FALSE
	EndGlobalSection
	GlobalSection(ExtensibilityGlobals) = postSolution
		SolutionGuid = {50A24E7C-F3BF-4750-B3AC-251FDB2F1E7D}
	EndGlobalSection
EndGlobal
